
Microsoft Visual Studio Solution File, Format Version 12.00
# Visual Studio Version 16
VisualStudioVersion = 16.0.30711.63
MinimumVisualStudioVersion = 10.0.40219.1
Project("{FAE04EC0-301F-11D3-BF4B-00C04F79EFBC}") = "MongoDB", "MongoDB\MongoDB.csproj", "{1D71BF6C-A5C4-402C-A585-56E65A027D73}"
EndProject
Global
	GlobalSection(SolutionConfigurationPlatforms) = preSolution
		Debug|Any CPU = Debug|Any CPU
		Release|Any CPU = Release|Any CPU
	EndGlobalSection
	GlobalSection(ProjectConfigurationPlatforms) = postSolution
		{1D71BF6C-A5C4-402C-A585-56E65A027D73}.Debug|Any CPU.ActiveCfg = Debug|Any CPU
		{1D71BF6C-A5C4-402C-A585-56E65A027D73}.Debug|Any CPU.Build.0 = Debug|Any CPU
		{1D71BF6C-A5C4-402C-A585-56E65A027D73}.Release|Any CPU.ActiveCfg = Release|Any CPU
		{1D71BF6C-A5C4-402C-A585-56E65A027D73}.Release|Any CPU.Build.0 = Release|Any CPU
	EndGlobalSection
	GlobalSection(SolutionProperties) = preSolution
		HideSolutionNode = FALSE
	EndGlobalSection
	GlobalSection(ExtensibilityGlobals) = postSolution
		SolutionGuid = {4023C72E-E060-4681-8212-553DF1D6BB57}
	EndGlobalSection
EndGlobal
